{
  "name": "celebration-reminder",
  "version": "1.0.0",
  "lockfileVersion": 2,
  "requires": true,
  "packages": {
    "": {
      "name": "celebration-reminder",
      "version": "1.0.0",
      "license": "ISC",
      "dependencies": {
        "@prisma/client": "^4.3.1",
        "node-cron": "^3.0.2",
        "node-fetch": "2.6.1",
        "nodemailer": "^6.7.8",
        "prisma": "^4.3.1"
      },
      "devDependencies": {
        "@types/node": "^18.7.16",
        "@types/node-cron": "^3.0.4",
        "@types/node-fetch": "2.6.1",
        "@types/nodemailer": "^6.4.5",
        "typescript": "^4.8.3"
      }
    },
    "node_modules/@prisma/client": {
      "version": "4.3.1",
      "resolved": "https://registry.npmjs.org/@prisma/client/-/client-4.3.1.tgz",
      "integrity": "sha512-FA0/d1VMJNWqzU7WVWTNWJ+lGOLR9JUBnF73GdIPAEVo/6dWk4gHx0EmgeU+SMv4MZoxgOeTBJF2azhg7x0hMw==",
      "hasInstallScript": true,
      "dependencies": {
        "@prisma/engines-version": "4.3.0-32.c875e43600dfe042452e0b868f7a48b817b9640b"
      },
      "engines": {
        "node": ">=14.17"
      },
      "peerDependencies": {
        "prisma": "*"
      },
      "peerDependenciesMeta": {
        "prisma": {
          "optional": true
        }
      }
    },
    "node_modules/@prisma/engines": {
      "version": "4.3.1",
      "resolved": "https://registry.npmjs.org/@prisma/engines/-/engines-4.3.1.tgz",
      "integrity": "sha512-4JF/uMaEDAPdcdZNOrnzE3BvrbGpjgV0FcPT3EVoi6I86fWkloqqxBt+KcK/+fIRR0Pxj66uGR9wVH8U1Y13JA==",
      "hasInstallScript": true
    },
    "node_modules/@prisma/engines-version": {
      "version": "4.3.0-32.c875e43600dfe042452e0b868f7a48b817b9640b",
      "resolved": "https://registry.npmjs.org/@prisma/engines-version/-/engines-version-4.3.0-32.c875e43600dfe042452e0b868f7a48b817b9640b.tgz",
      "integrity": "sha512-8yWpXkQRmiSfsi2Wb/ZS5D3RFbeu/btL9Pm/gdF4phB0Lo5KGsDFMxFMgaD64mwED2nHc8ZaEJg/+4Jymb9Znw=="
    },
    "node_modules/@types/node": {
      "version": "18.7.16",
      "resolved": "https://registry.npmjs.org/@types/node/-/node-18.7.16.tgz",
      "integrity": "sha512-EQHhixfu+mkqHMZl1R2Ovuvn47PUw18azMJOTwSZr9/fhzHNGXAJ0ma0dayRVchprpCj0Kc1K1xKoWaATWF1qg==",
      "dev": true
    },
    "node_modules/@types/node-cron": {
      "version": "3.0.4",
      "resolved": "https://registry.npmjs.org/@types/node-cron/-/node-cron-3.0.4.tgz",
      "integrity": "sha512-A2H+uz5ry4hohYjRe5mQSE/8Dx/HGw4WZ728JxhKUZ7z8CMvRuG2tpbzGHRGQCuQzz5aCNB1iXzPZYHd4BPHvw==",
      "dev": true
    },
    "node_modules/@types/node-fetch": {
      "version": "2.6.1",
      "resolved": "https://registry.npmjs.org/@types/node-fetch/-/node-fetch-2.6.1.tgz",
      "integrity": "sha512-oMqjURCaxoSIsHSr1E47QHzbmzNR5rK8McHuNb11BOM9cHcIK3Avy0s/b2JlXHoQGTYS3NsvWzV1M0iK7l0wbA==",
      "dev": true,
      "dependencies": {
        "@types/node": "*",
        "form-data": "^3.0.0"
      }
    },
    "node_modules/@types/nodemailer": {
      "version": "6.4.5",
      "resolved": "https://registry.npmjs.org/@types/nodemailer/-/nodemailer-6.4.5.tgz",
      "integrity": "sha512-zuP3nBRQHI6M2PkXnGGy1Ww4VB+MyYHGgnfV2T+JR9KLkeWqPJuyVUgLpKXuFnA/b7pZaIDFh2sV4759B7jK1g==",
      "dev": true,
      "dependencies": {
        "@types/node": "*"
      }
    },
    "node_modules/asynckit": {
      "version": "0.4.0",
      "resolved": "https://registry.npmjs.org/asynckit/-/asynckit-0.4.0.tgz",
      "integrity": "sha512-Oei9OH4tRh0YqU3GxhX79dM/mwVgvbZJaSNaRk+bshkj0S5cfHcgYakreBjrHwatXKbz+IoIdYLxrKim2MjW0Q==",
      "dev": true
    },
    "node_modules/combined-stream": {
      "version": "1.0.8",
      "resolved": "https://registry.npmjs.org/combined-stream/-/combined-stream-1.0.8.tgz",
      "integrity": "sha512-FQN4MRfuJeHf7cBbBMJFXhKSDq+2kAArBlmRBvcvFE5BB1HZKXtSFASDhdlz9zOYwxh8lDdnvmMOe/+5cdoEdg==",
      "dev": true,
      "dependencies": {
        "delayed-stream": "~1.0.0"
      },
      "engines": {
        "node": ">= 0.8"
      }
    },
    "node_modules/delayed-stream": {
      "version": "1.0.0",
      "resolved": "https://registry.npmjs.org/delayed-stream/-/delayed-stream-1.0.0.tgz",
      "integrity": "sha512-ZySD7Nf91aLB0RxL4KGrKHBXl7Eds1DAmEdcoVawXnLD7SDhpNgtuII2aAkg7a7QS41jxPSZ17p4VdGnMHk3MQ==",
      "dev": true,
      "engines": {
        "node": ">=0.4.0"
      }
    },
    "node_modules/form-data": {
      "version": "3.0.1",
      "resolved": "https://registry.npmjs.org/form-data/-/form-data-3.0.1.tgz",
      "integrity": "sha512-RHkBKtLWUVwd7SqRIvCZMEvAMoGUp0XU+seQiZejj0COz3RI3hWP4sCv3gZWWLjJTd7rGwcsF5eKZGii0r/hbg==",
      "dev": true,
      "dependencies": {
        "asynckit": "^0.4.0",
        "combined-stream": "^1.0.8",
        "mime-types": "^2.1.12"
      },
      "engines": {
        "node": ">= 6"
      }
    },
    "node_modules/mime-db": {
      "version": "1.52.0",
      "resolved": "https://registry.npmjs.org/mime-db/-/mime-db-1.52.0.tgz",
      "integrity": "sha512-sPU4uV7dYlvtWJxwwxHD0PuihVNiE7TyAbQ5SWxDCB9mUYvOgroQOwYQQOKPJ8CIbE+1ETVlOoK1UC2nU3gYvg==",
      "dev": true,
      "engines": {
        "node": ">= 0.6"
      }
    },
    "node_modules/mime-types": {
      "version": "2.1.35",
      "resolved": "https://registry.npmjs.org/mime-types/-/mime-types-2.1.35.tgz",
      "integrity": "sha512-ZDY+bPm5zTTF+YpCrAU9nK0UgICYPT0QtT1NZWFv4s++TNkcgVaT0g6+4R2uI4MjQjzysHB1zxuWL50hzaeXiw==",
      "dev": true,
      "dependencies": {
        "mime-db": "1.52.0"
      },
      "engines": {
        "node": ">= 0.6"
      }
    },
    "node_modules/node-cron": {
      "version": "3.0.2",
      "resolved": "https://registry.npmjs.org/node-cron/-/node-cron-3.0.2.tgz",
      "integrity": "sha512-iP8l0yGlNpE0e6q1o185yOApANRe47UPbLf4YxfbiNHt/RU5eBcGB/e0oudruheSf+LQeDMezqC5BVAb5wwRcQ==",
      "dependencies": {
        "uuid": "8.3.2"
      },
      "engines": {
        "node": ">=6.0.0"
      }
    },
    "node_modules/node-fetch": {
      "version": "2.6.1",
      "resolved": "https://registry.npmjs.org/node-fetch/-/node-fetch-2.6.1.tgz",
      "integrity": "sha512-V4aYg89jEoVRxRb2fJdAg8FHvI7cEyYdVAh94HH0UIK8oJxUfkjlDQN9RbMx+bEjP7+ggMiFRprSti032Oipxw==",
      "engines": {
        "node": "4.x || >=6.0.0"
      }
    },
    "node_modules/nodemailer": {
      "version": "6.7.8",
      "resolved": "https://registry.npmjs.org/nodemailer/-/nodemailer-6.7.8.tgz",
      "integrity": "sha512-2zaTFGqZixVmTxpJRCFC+Vk5eGRd/fYtvIR+dl5u9QXLTQWGIf48x/JXvo58g9sa0bU6To04XUv554Paykum3g==",
      "engines": {
        "node": ">=6.0.0"
      }
    },
    "node_modules/prisma": {
      "version": "4.3.1",
      "resolved": "https://registry.npmjs.org/prisma/-/prisma-4.3.1.tgz",
      "integrity": "sha512-90xo06wtqil76Xsi3mNpc4Js3SdDRR5g4qb9h+4VWY4Y8iImJY6xc3PX+C9xxTSt1lr0Q89A0MLkJjd8ax6KiQ==",
      "hasInstallScript": true,
      "dependencies": {
        "@prisma/engines": "4.3.1"
      },
      "bin": {
        "prisma": "build/index.js",
        "prisma2": "build/index.js"
      },
      "engines": {
        "node": ">=14.17"
      }
    },
    "node_modules/typescript": {
      "version": "4.8.3",
      "resolved": "https://registry.npmjs.org/typescript/-/typescript-4.8.3.tgz",
      "integrity": "sha512-goMHfm00nWPa8UvR/CPSvykqf6dVV8x/dp0c5mFTMTIu0u0FlGWRioyy7Nn0PGAdHxpJZnuO/ut+PpQ8UiHAig==",
      "dev": true,
      "bin": {
        "tsc": "bin/tsc",
        "tsserver": "bin/tsserver"
      },
      "engines": {
        "node": ">=4.2.0"
      }
    },
    "node_modules/uuid": {
      "version": "8.3.2",
      "resolved": "https://registry.npmjs.org/uuid/-/uuid-8.3.2.tgz",
      "integrity": "sha512-+NYs2QeMWy+GWFOEm9xnn6HCDp0l7QBD7ml8zLUmJ+93Q5NF0NocErnwkTkXVFNiX3/fpC6afS8Dhb/gz7R7eg==",
      "bin": {
        "uuid": "dist/bin/uuid"
      }
    }
  },
  "dependencies": {
    "@prisma/client": {
      "version": "4.3.1",
      "resolved": "https://registry.npmjs.org/@prisma/client/-/client-4.3.1.tgz",
      "integrity": "sha512-FA0/d1VMJNWqzU7WVWTNWJ+lGOLR9JUBnF73GdIPAEVo/6dWk4gHx0EmgeU+SMv4MZoxgOeTBJF2azhg7x0hMw==",
      "requires": {
        "@prisma/engines-version": "4.3.0-32.c875e43600dfe042452e0b868f7a48b817b9640b"
      }
    },
    "@prisma/engines": {
      "version": "4.3.1",
      "resolved": "https://registry.npmjs.org/@prisma/engines/-/engines-4.3.1.tgz",
      "integrity": "sha512-4JF/uMaEDAPdcdZNOrnzE3BvrbGpjgV0FcPT3EVoi6I86fWkloqqxBt+KcK/+fIRR0Pxj66uGR9wVH8U1Y13JA=="
    },
    "@prisma/engines-version": {
      "version": "4.3.0-32.c875e43600dfe042452e0b868f7a48b817b9640b",
      "resolved": "https://registry.npmjs.org/@prisma/engines-version/-/engines-version-4.3.0-32.c875e43600dfe042452e0b868f7a48b817b9640b.tgz",
      "integrity": "sha512-8yWpXkQRmiSfsi2Wb/ZS5D3RFbeu/btL9Pm/gdF4phB0Lo5KGsDFMxFMgaD64mwED2nHc8ZaEJg/+4Jymb9Znw=="
    },
    "@types/node": {
      "version": "18.7.16",
      "resolved": "https://registry.npmjs.org/@types/node/-/node-18.7.16.tgz",
      "integrity": "sha512-EQHhixfu+mkqHMZl1R2Ovuvn47PUw18azMJOTwSZr9/fhzHNGXAJ0ma0dayRVchprpCj0Kc1K1xKoWaATWF1qg==",
      "dev": true
    },
    "@types/node-cron": {
      "version": "3.0.4",
      "resolved": "https://registry.npmjs.org/@types/node-cron/-/node-cron-3.0.4.tgz",
      "integrity": "sha512-A2H+uz5ry4hohYjRe5mQSE/8Dx/HGw4WZ728JxhKUZ7z8CMvRuG2tpbzGHRGQCuQzz5aCNB1iXzPZYHd4BPHvw==",
      "dev": true
    },
    "@types/node-fetch": {
      "version": "2.6.1",
      "resolved": "https://registry.npmjs.org/@types/node-fetch/-/node-fetch-2.6.1.tgz",
      "integrity": "sha512-oMqjURCaxoSIsHSr1E47QHzbmzNR5rK8McHuNb11BOM9cHcIK3Avy0s/b2JlXHoQGTYS3NsvWzV1M0iK7l0wbA==",
      "dev": true,
      "requires": {
        "@types/node": "*",
        "form-data": "^3.0.0"
      }
    },
    "@types/nodemailer": {
      "version": "6.4.5",
      "resolved": "https://registry.npmjs.org/@types/nodemailer/-/nodemailer-6.4.5.tgz",
      "integrity": "sha512-zuP3nBRQHI6M2PkXnGGy1Ww4VB+MyYHGgnfV2T+JR9KLkeWqPJuyVUgLpKXuFnA/b7pZaIDFh2sV4759B7jK1g==",
      "dev": true,
      "requires": {
        "@types/node": "*"
      }
    },
    "asynckit": {
      "version": "0.4.0",
      "resolved": "https://registry.npmjs.org/asynckit/-/asynckit-0.4.0.tgz",
      "integrity": "sha512-Oei9OH4tRh0YqU3GxhX79dM/mwVgvbZJaSNaRk+bshkj0S5cfHcgYakreBjrHwatXKbz+IoIdYLxrKim2MjW0Q==",
      "dev": true
    },
    "combined-stream": {
      "version": "1.0.8",
      "resolved": "https://registry.npmjs.org/combined-stream/-/combined-stream-1.0.8.tgz",
      "integrity": "sha512-FQN4MRfuJeHf7cBbBMJFXhKSDq+2kAArBlmRBvcvFE5BB1HZKXtSFASDhdlz9zOYwxh8lDdnvmMOe/+5cdoEdg==",
      "dev": true,
      "requires": {
        "delayed-stream": "~1.0.0"
      }
    },
    "delayed-stream": {
      "version": "1.0.0",
      "resolved": "https://registry.npmjs.org/delayed-stream/-/delayed-stream-1.0.0.tgz",
      "integrity": "sha512-ZySD7Nf91aLB0RxL4KGrKHBXl7Eds1DAmEdcoVawXnLD7SDhpNgtuII2aAkg7a7QS41jxPSZ17p4VdGnMHk3MQ==",
      "dev": true
    },
    "form-data": {
      "version": "3.0.1",
      "resolved": "https://registry.npmjs.org/form-data/-/form-data-3.0.1.tgz",
      "integrity": "sha512-RHkBKtLWUVwd7SqRIvCZMEvAMoGUp0XU+seQiZejj0COz3RI3hWP4sCv3gZWWLjJTd7rGwcsF5eKZGii0r/hbg==",
      "dev": true,
      "requires": {
        "asynckit": "^0.4.0",
        "combined-stream": "^1.0.8",
        "mime-types": "^2.1.12"
      }
    },
    "mime-db": {
      "version": "1.52.0",
      "resolved": "https://registry.npmjs.org/mime-db/-/mime-db-1.52.0.tgz",
      "integrity": "sha512-sPU4uV7dYlvtWJxwwxHD0PuihVNiE7TyAbQ5SWxDCB9mUYvOgroQOwYQQOKPJ8CIbE+1ETVlOoK1UC2nU3gYvg==",
      "dev": true
    },
    "mime-types": {
      "version": "2.1.35",
      "resolved": "https://registry.npmjs.org/mime-types/-/mime-types-2.1.35.tgz",
      "integrity": "sha512-ZDY+bPm5zTTF+YpCrAU9nK0UgICYPT0QtT1NZWFv4s++TNkcgVaT0g6+4R2uI4MjQjzysHB1zxuWL50hzaeXiw==",
      "dev": true,
      "requires": {
        "mime-db": "1.52.0"
      }
    },
    "node-cron": {
      "version": "3.0.2",
      "resolved": "https://registry.npmjs.org/node-cron/-/node-cron-3.0.2.tgz",
      "integrity": "sha512-iP8l0yGlNpE0e6q1o185yOApANRe47UPbLf4YxfbiNHt/RU5eBcGB/e0oudruheSf+LQeDMezqC5BVAb5wwRcQ==",
      "requires": {
        "uuid": "8.3.2"
      }
    },
    "node-fetch": {
      "version": "2.6.1",
      "resolved": "https://registry.npmjs.org/node-fetch/-/node-fetch-2.6.1.tgz",
      "integrity": "sha512-V4aYg89jEoVRxRb2fJdAg8FHvI7cEyYdVAh94HH0UIK8oJxUfkjlDQN9RbMx+bEjP7+ggMiFRprSti032Oipxw=="
    },
    "nodemailer": {
      "version": "6.7.8",
      "resolved": "https://registry.npmjs.org/nodemailer/-/nodemailer-6.7.8.tgz",
      "integrity": "sha512-2zaTFGqZixVmTxpJRCFC+Vk5eGRd/fYtvIR+dl5u9QXLTQWGIf48x/JXvo58g9sa0bU6To04XUv554Paykum3g=="
    },
    "prisma": {
      "version": "4.3.1",
      "resolved": "https://registry.npmjs.org/prisma/-/prisma-4.3.1.tgz",
      "integrity": "sha512-90xo06wtqil76Xsi3mNpc4Js3SdDRR5g4qb9h+4VWY4Y8iImJY6xc3PX+C9xxTSt1lr0Q89A0MLkJjd8ax6KiQ==",
      "requires": {
        "@prisma/engines": "4.3.1"
      }
    },
    "typescript": {
      "version": "4.8.3",
      "resolved": "https://registry.npmjs.org/typescript/-/typescript-4.8.3.tgz",
      "integrity": "sha512-goMHfm00nWPa8UvR/CPSvykqf6dVV8x/dp0c5mFTMTIu0u0FlGWRioyy7Nn0PGAdHxpJZnuO/ut+PpQ8UiHAig==",
      "dev": true
    },
    "uuid": {
      "version": "8.3.2",
      "resolved": "https://registry.npmjs.org/uuid/-/uuid-8.3.2.tgz",
      "integrity": "sha512-+NYs2QeMWy+GWFOEm9xnn6HCDp0l7QBD7ml8zLUmJ+93Q5NF0NocErnwkTkXVFNiX3/fpC6afS8Dhb/gz7R7eg=="
    }
  }
}
