{
  "name": "celebration-reminder",
  "version": "1.0.0",
  "lockfileVersion": 2,
  "requires": true,
  "packages": {
    "": {
      "name": "celebration-reminder",
      "version": "1.0.0",
      "license": "ISC",
      "dependencies": {
        "@prisma/client": "^4.3.1",
        "amqplib": "^0.10.3",
        "node-cron": "^3.0.2",
        "node-fetch": "2.6.1",
        "nodemailer": "^6.7.8",
        "prisma": "^4.3.1"
      },
      "devDependencies": {
        "@types/amqplib": "^0.8.2",
        "@types/node": "^18.7.16",
        "@types/node-cron": "^3.0.4",
        "@types/node-fetch": "2.6.1",
        "@types/nodemailer": "^6.4.5",
        "typescript": "^4.8.3"
      }
    },
    "node_modules/@acuminous/bitsyntax": {
      "version": "0.1.2",
      "resolved": "https://registry.npmjs.org/@acuminous/bitsyntax/-/bitsyntax-0.1.2.tgz",
      "integrity": "sha512-29lUK80d1muEQqiUsSo+3A0yP6CdspgC95EnKBMi22Xlwt79i/En4Vr67+cXhU+cZjbti3TgGGC5wy1stIywVQ==",
      "dependencies": {
        "buffer-more-ints": "~1.0.0",
        "debug": "^4.3.4",
        "safe-buffer": "~5.1.2"
      },
      "engines": {
        "node": ">=0.8"
      }
    },
    "node_modules/@prisma/client": {
      "version": "4.3.1",
      "resolved": "https://registry.npmjs.org/@prisma/client/-/client-4.3.1.tgz",
      "integrity": "sha512-FA0/d1VMJNWqzU7WVWTNWJ+lGOLR9JUBnF73GdIPAEVo/6dWk4gHx0EmgeU+SMv4MZoxgOeTBJF2azhg7x0hMw==",
      "hasInstallScript": true,
      "dependencies": {
        "@prisma/engines-version": "4.3.0-32.c875e43600dfe042452e0b868f7a48b817b9640b"
      },
      "engines": {
        "node": ">=14.17"
      },
      "peerDependencies": {
        "prisma": "*"
      },
      "peerDependenciesMeta": {
        "prisma": {
          "optional": true
        }
      }
    },
    "node_modules/@prisma/engines": {
      "version": "4.3.1",
      "resolved": "https://registry.npmjs.org/@prisma/engines/-/engines-4.3.1.tgz",
      "integrity": "sha512-4JF/uMaEDAPdcdZNOrnzE3BvrbGpjgV0FcPT3EVoi6I86fWkloqqxBt+KcK/+fIRR0Pxj66uGR9wVH8U1Y13JA==",
      "hasInstallScript": true
    },
    "node_modules/@prisma/engines-version": {
      "version": "4.3.0-32.c875e43600dfe042452e0b868f7a48b817b9640b",
      "resolved": "https://registry.npmjs.org/@prisma/engines-version/-/engines-version-4.3.0-32.c875e43600dfe042452e0b868f7a48b817b9640b.tgz",
      "integrity": "sha512-8yWpXkQRmiSfsi2Wb/ZS5D3RFbeu/btL9Pm/gdF4phB0Lo5KGsDFMxFMgaD64mwED2nHc8ZaEJg/+4Jymb9Znw=="
    },
    "node_modules/@types/amqplib": {
      "version": "0.8.2",
      "resolved": "https://registry.npmjs.org/@types/amqplib/-/amqplib-0.8.2.tgz",
      "integrity": "sha512-p+TFLzo52f8UanB+Nq6gyUi65yecAcRY3nYowU6MPGFtaJvEDxcnFWrxssSTkF+ts1W3zyQDvgVICLQem5WxRA==",
      "dev": true,
      "dependencies": {
        "@types/bluebird": "*",
        "@types/node": "*"
      }
    },
    "node_modules/@types/bluebird": {
      "version": "3.5.36",
      "resolved": "https://registry.npmjs.org/@types/bluebird/-/bluebird-3.5.36.tgz",
      "integrity": "sha512-HBNx4lhkxN7bx6P0++W8E289foSu8kO8GCk2unhuVggO+cE7rh9DhZUyPhUxNRG9m+5B5BTKxZQ5ZP92x/mx9Q==",
      "dev": true
    },
    "node_modules/@types/node": {
      "version": "18.7.16",
      "resolved": "https://registry.npmjs.org/@types/node/-/node-18.7.16.tgz",
      "integrity": "sha512-EQHhixfu+mkqHMZl1R2Ovuvn47PUw18azMJOTwSZr9/fhzHNGXAJ0ma0dayRVchprpCj0Kc1K1xKoWaATWF1qg==",
      "dev": true
    },
    "node_modules/@types/node-cron": {
      "version": "3.0.4",
      "resolved": "https://registry.npmjs.org/@types/node-cron/-/node-cron-3.0.4.tgz",
      "integrity": "sha512-A2H+uz5ry4hohYjRe5mQSE/8Dx/HGw4WZ728JxhKUZ7z8CMvRuG2tpbzGHRGQCuQzz5aCNB1iXzPZYHd4BPHvw==",
      "dev": true
    },
    "node_modules/@types/node-fetch": {
      "version": "2.6.1",
      "resolved": "https://registry.npmjs.org/@types/node-fetch/-/node-fetch-2.6.1.tgz",
      "integrity": "sha512-oMqjURCaxoSIsHSr1E47QHzbmzNR5rK8McHuNb11BOM9cHcIK3Avy0s/b2JlXHoQGTYS3NsvWzV1M0iK7l0wbA==",
      "dev": true,
      "dependencies": {
        "@types/node": "*",
        "form-data": "^3.0.0"
      }
    },
    "node_modules/@types/nodemailer": {
      "version": "6.4.5",
      "resolved": "https://registry.npmjs.org/@types/nodemailer/-/nodemailer-6.4.5.tgz",
      "integrity": "sha512-zuP3nBRQHI6M2PkXnGGy1Ww4VB+MyYHGgnfV2T+JR9KLkeWqPJuyVUgLpKXuFnA/b7pZaIDFh2sV4759B7jK1g==",
      "dev": true,
      "dependencies": {
        "@types/node": "*"
      }
    },
    "node_modules/amqplib": {
      "version": "0.10.3",
      "resolved": "https://registry.npmjs.org/amqplib/-/amqplib-0.10.3.tgz",
      "integrity": "sha512-UHmuSa7n8vVW/a5HGh2nFPqAEr8+cD4dEZ6u9GjP91nHfr1a54RyAKyra7Sb5NH7NBKOUlyQSMXIp0qAixKexw==",
      "dependencies": {
        "@acuminous/bitsyntax": "^0.1.2",
        "buffer-more-ints": "~1.0.0",
        "readable-stream": "1.x >=1.1.9",
        "url-parse": "~1.5.10"
      },
      "engines": {
        "node": ">=10"
      }
    },
    "node_modules/asynckit": {
      "version": "0.4.0",
      "resolved": "https://registry.npmjs.org/asynckit/-/asynckit-0.4.0.tgz",
      "integrity": "sha512-Oei9OH4tRh0YqU3GxhX79dM/mwVgvbZJaSNaRk+bshkj0S5cfHcgYakreBjrHwatXKbz+IoIdYLxrKim2MjW0Q==",
      "dev": true
    },
    "node_modules/buffer-more-ints": {
      "version": "1.0.0",
      "resolved": "https://registry.npmjs.org/buffer-more-ints/-/buffer-more-ints-1.0.0.tgz",
      "integrity": "sha512-EMetuGFz5SLsT0QTnXzINh4Ksr+oo4i+UGTXEshiGCQWnsgSs7ZhJ8fzlwQ+OzEMs0MpDAMr1hxnblp5a4vcHg=="
    },
    "node_modules/combined-stream": {
      "version": "1.0.8",
      "resolved": "https://registry.npmjs.org/combined-stream/-/combined-stream-1.0.8.tgz",
      "integrity": "sha512-FQN4MRfuJeHf7cBbBMJFXhKSDq+2kAArBlmRBvcvFE5BB1HZKXtSFASDhdlz9zOYwxh8lDdnvmMOe/+5cdoEdg==",
      "dev": true,
      "dependencies": {
        "delayed-stream": "~1.0.0"
      },
      "engines": {
        "node": ">= 0.8"
      }
    },
    "node_modules/core-util-is": {
      "version": "1.0.3",
      "resolved": "https://registry.npmjs.org/core-util-is/-/core-util-is-1.0.3.tgz",
      "integrity": "sha512-ZQBvi1DcpJ4GDqanjucZ2Hj3wEO5pZDS89BWbkcrvdxksJorwUDDZamX9ldFkp9aw2lmBDLgkObEA4DWNJ9FYQ=="
    },
    "node_modules/debug": {
      "version": "4.3.4",
      "resolved": "https://registry.npmjs.org/debug/-/debug-4.3.4.tgz",
      "integrity": "sha512-PRWFHuSU3eDtQJPvnNY7Jcket1j0t5OuOsFzPPzsekD52Zl8qUfFIPEiswXqIvHWGVHOgX+7G/vCNNhehwxfkQ==",
      "dependencies": {
        "ms": "2.1.2"
      },
      "engines": {
        "node": ">=6.0"
      },
      "peerDependenciesMeta": {
        "supports-color": {
          "optional": true
        }
      }
    },
    "node_modules/delayed-stream": {
      "version": "1.0.0",
      "resolved": "https://registry.npmjs.org/delayed-stream/-/delayed-stream-1.0.0.tgz",
      "integrity": "sha512-ZySD7Nf91aLB0RxL4KGrKHBXl7Eds1DAmEdcoVawXnLD7SDhpNgtuII2aAkg7a7QS41jxPSZ17p4VdGnMHk3MQ==",
      "dev": true,
      "engines": {
        "node": ">=0.4.0"
      }
    },
    "node_modules/form-data": {
      "version": "3.0.1",
      "resolved": "https://registry.npmjs.org/form-data/-/form-data-3.0.1.tgz",
      "integrity": "sha512-RHkBKtLWUVwd7SqRIvCZMEvAMoGUp0XU+seQiZejj0COz3RI3hWP4sCv3gZWWLjJTd7rGwcsF5eKZGii0r/hbg==",
      "dev": true,
      "dependencies": {
        "asynckit": "^0.4.0",
        "combined-stream": "^1.0.8",
        "mime-types": "^2.1.12"
      },
      "engines": {
        "node": ">= 6"
      }
    },
    "node_modules/inherits": {
      "version": "2.0.4",
      "resolved": "https://registry.npmjs.org/inherits/-/inherits-2.0.4.tgz",
      "integrity": "sha512-k/vGaX4/Yla3WzyMCvTQOXYeIHvqOKtnqBduzTHpzpQZzAskKMhZ2K+EnBiSM9zGSoIFeMpXKxa4dYeZIQqewQ=="
    },
    "node_modules/isarray": {
      "version": "0.0.1",
      "resolved": "https://registry.npmjs.org/isarray/-/isarray-0.0.1.tgz",
      "integrity": "sha512-D2S+3GLxWH+uhrNEcoh/fnmYeP8E8/zHl644d/jdA0g2uyXvy3sb0qxotE+ne0LtccHknQzWwZEzhak7oJ0COQ=="
    },
    "node_modules/mime-db": {
      "version": "1.52.0",
      "resolved": "https://registry.npmjs.org/mime-db/-/mime-db-1.52.0.tgz",
      "integrity": "sha512-sPU4uV7dYlvtWJxwwxHD0PuihVNiE7TyAbQ5SWxDCB9mUYvOgroQOwYQQOKPJ8CIbE+1ETVlOoK1UC2nU3gYvg==",
      "dev": true,
      "engines": {
        "node": ">= 0.6"
      }
    },
    "node_modules/mime-types": {
      "version": "2.1.35",
      "resolved": "https://registry.npmjs.org/mime-types/-/mime-types-2.1.35.tgz",
      "integrity": "sha512-ZDY+bPm5zTTF+YpCrAU9nK0UgICYPT0QtT1NZWFv4s++TNkcgVaT0g6+4R2uI4MjQjzysHB1zxuWL50hzaeXiw==",
      "dev": true,
      "dependencies": {
        "mime-db": "1.52.0"
      },
      "engines": {
        "node": ">= 0.6"
      }
    },
    "node_modules/ms": {
      "version": "2.1.2",
      "resolved": "https://registry.npmjs.org/ms/-/ms-2.1.2.tgz",
      "integrity": "sha512-sGkPx+VjMtmA6MX27oA4FBFELFCZZ4S4XqeGOXCv68tT+jb3vk/RyaKWP0PTKyWtmLSM0b+adUTEvbs1PEaH2w=="
    },
    "node_modules/node-cron": {
      "version": "3.0.2",
      "resolved": "https://registry.npmjs.org/node-cron/-/node-cron-3.0.2.tgz",
      "integrity": "sha512-iP8l0yGlNpE0e6q1o185yOApANRe47UPbLf4YxfbiNHt/RU5eBcGB/e0oudruheSf+LQeDMezqC5BVAb5wwRcQ==",
      "dependencies": {
        "uuid": "8.3.2"
      },
      "engines": {
        "node": ">=6.0.0"
      }
    },
    "node_modules/node-fetch": {
      "version": "2.6.1",
      "resolved": "https://registry.npmjs.org/node-fetch/-/node-fetch-2.6.1.tgz",
      "integrity": "sha512-V4aYg89jEoVRxRb2fJdAg8FHvI7cEyYdVAh94HH0UIK8oJxUfkjlDQN9RbMx+bEjP7+ggMiFRprSti032Oipxw==",
      "engines": {
        "node": "4.x || >=6.0.0"
      }
    },
    "node_modules/nodemailer": {
      "version": "6.7.8",
      "resolved": "https://registry.npmjs.org/nodemailer/-/nodemailer-6.7.8.tgz",
      "integrity": "sha512-2zaTFGqZixVmTxpJRCFC+Vk5eGRd/fYtvIR+dl5u9QXLTQWGIf48x/JXvo58g9sa0bU6To04XUv554Paykum3g==",
      "engines": {
        "node": ">=6.0.0"
      }
    },
    "node_modules/prisma": {
      "version": "4.3.1",
      "resolved": "https://registry.npmjs.org/prisma/-/prisma-4.3.1.tgz",
      "integrity": "sha512-90xo06wtqil76Xsi3mNpc4Js3SdDRR5g4qb9h+4VWY4Y8iImJY6xc3PX+C9xxTSt1lr0Q89A0MLkJjd8ax6KiQ==",
      "hasInstallScript": true,
      "dependencies": {
        "@prisma/engines": "4.3.1"
      },
      "bin": {
        "prisma": "build/index.js",
        "prisma2": "build/index.js"
      },
      "engines": {
        "node": ">=14.17"
      }
    },
    "node_modules/querystringify": {
      "version": "2.2.0",
      "resolved": "https://registry.npmjs.org/querystringify/-/querystringify-2.2.0.tgz",
      "integrity": "sha512-FIqgj2EUvTa7R50u0rGsyTftzjYmv/a3hO345bZNrqabNqjtgiDMgmo4mkUjd+nzU5oF3dClKqFIPUKybUyqoQ=="
    },
    "node_modules/readable-stream": {
      "version": "1.1.14",
      "resolved": "https://registry.npmjs.org/readable-stream/-/readable-stream-1.1.14.tgz",
      "integrity": "sha512-+MeVjFf4L44XUkhM1eYbD8fyEsxcV81pqMSR5gblfcLCHfZvbrqy4/qYHE+/R5HoBUT11WV5O08Cr1n3YXkWVQ==",
      "dependencies": {
        "core-util-is": "~1.0.0",
        "inherits": "~2.0.1",
        "isarray": "0.0.1",
        "string_decoder": "~0.10.x"
      }
    },
    "node_modules/requires-port": {
      "version": "1.0.0",
      "resolved": "https://registry.npmjs.org/requires-port/-/requires-port-1.0.0.tgz",
      "integrity": "sha512-KigOCHcocU3XODJxsu8i/j8T9tzT4adHiecwORRQ0ZZFcp7ahwXuRU1m+yuO90C5ZUyGeGfocHDI14M3L3yDAQ=="
    },
    "node_modules/safe-buffer": {
      "version": "5.1.2",
      "resolved": "https://registry.npmjs.org/safe-buffer/-/safe-buffer-5.1.2.tgz",
      "integrity": "sha512-Gd2UZBJDkXlY7GbJxfsE8/nvKkUEU1G38c1siN6QP6a9PT9MmHB8GnpscSmMJSoF8LOIrt8ud/wPtojys4G6+g=="
    },
    "node_modules/string_decoder": {
      "version": "0.10.31",
      "resolved": "https://registry.npmjs.org/string_decoder/-/string_decoder-0.10.31.tgz",
      "integrity": "sha512-ev2QzSzWPYmy9GuqfIVildA4OdcGLeFZQrq5ys6RtiuF+RQQiZWr8TZNyAcuVXyQRYfEO+MsoB/1BuQVhOJuoQ=="
    },
    "node_modules/typescript": {
      "version": "4.8.3",
      "resolved": "https://registry.npmjs.org/typescript/-/typescript-4.8.3.tgz",
      "integrity": "sha512-goMHfm00nWPa8UvR/CPSvykqf6dVV8x/dp0c5mFTMTIu0u0FlGWRioyy7Nn0PGAdHxpJZnuO/ut+PpQ8UiHAig==",
      "dev": true,
      "bin": {
        "tsc": "bin/tsc",
        "tsserver": "bin/tsserver"
      },
      "engines": {
        "node": ">=4.2.0"
      }
    },
    "node_modules/url-parse": {
      "version": "1.5.10",
      "resolved": "https://registry.npmjs.org/url-parse/-/url-parse-1.5.10.tgz",
      "integrity": "sha512-WypcfiRhfeUP9vvF0j6rw0J3hrWrw6iZv3+22h6iRMJ/8z1Tj6XfLP4DsUix5MhMPnXpiHDoKyoZ/bdCkwBCiQ==",
      "dependencies": {
        "querystringify": "^2.1.1",
        "requires-port": "^1.0.0"
      }
    },
    "node_modules/uuid": {
      "version": "8.3.2",
      "resolved": "https://registry.npmjs.org/uuid/-/uuid-8.3.2.tgz",
      "integrity": "sha512-+NYs2QeMWy+GWFOEm9xnn6HCDp0l7QBD7ml8zLUmJ+93Q5NF0NocErnwkTkXVFNiX3/fpC6afS8Dhb/gz7R7eg==",
      "bin": {
        "uuid": "dist/bin/uuid"
      }
    }
  },
  "dependencies": {
    "@acuminous/bitsyntax": {
      "version": "0.1.2",
      "resolved": "https://registry.npmjs.org/@acuminous/bitsyntax/-/bitsyntax-0.1.2.tgz",
      "integrity": "sha512-29lUK80d1muEQqiUsSo+3A0yP6CdspgC95EnKBMi22Xlwt79i/En4Vr67+cXhU+cZjbti3TgGGC5wy1stIywVQ==",
      "requires": {
        "buffer-more-ints": "~1.0.0",
        "debug": "^4.3.4",
        "safe-buffer": "~5.1.2"
      }
    },
    "@prisma/client": {
      "version": "4.3.1",
      "resolved": "https://registry.npmjs.org/@prisma/client/-/client-4.3.1.tgz",
      "integrity": "sha512-FA0/d1VMJNWqzU7WVWTNWJ+lGOLR9JUBnF73GdIPAEVo/6dWk4gHx0EmgeU+SMv4MZoxgOeTBJF2azhg7x0hMw==",
      "requires": {
        "@prisma/engines-version": "4.3.0-32.c875e43600dfe042452e0b868f7a48b817b9640b"
      }
    },
    "@prisma/engines": {
      "version": "4.3.1",
      "resolved": "https://registry.npmjs.org/@prisma/engines/-/engines-4.3.1.tgz",
      "integrity": "sha512-4JF/uMaEDAPdcdZNOrnzE3BvrbGpjgV0FcPT3EVoi6I86fWkloqqxBt+KcK/+fIRR0Pxj66uGR9wVH8U1Y13JA=="
    },
    "@prisma/engines-version": {
      "version": "4.3.0-32.c875e43600dfe042452e0b868f7a48b817b9640b",
      "resolved": "https://registry.npmjs.org/@prisma/engines-version/-/engines-version-4.3.0-32.c875e43600dfe042452e0b868f7a48b817b9640b.tgz",
      "integrity": "sha512-8yWpXkQRmiSfsi2Wb/ZS5D3RFbeu/btL9Pm/gdF4phB0Lo5KGsDFMxFMgaD64mwED2nHc8ZaEJg/+4Jymb9Znw=="
    },
    "@types/amqplib": {
      "version": "0.8.2",
      "resolved": "https://registry.npmjs.org/@types/amqplib/-/amqplib-0.8.2.tgz",
      "integrity": "sha512-p+TFLzo52f8UanB+Nq6gyUi65yecAcRY3nYowU6MPGFtaJvEDxcnFWrxssSTkF+ts1W3zyQDvgVICLQem5WxRA==",
      "dev": true,
      "requires": {
        "@types/bluebird": "*",
        "@types/node": "*"
      }
    },
    "@types/bluebird": {
      "version": "3.5.36",
      "resolved": "https://registry.npmjs.org/@types/bluebird/-/bluebird-3.5.36.tgz",
      "integrity": "sha512-HBNx4lhkxN7bx6P0++W8E289foSu8kO8GCk2unhuVggO+cE7rh9DhZUyPhUxNRG9m+5B5BTKxZQ5ZP92x/mx9Q==",
      "dev": true
    },
    "@types/node": {
      "version": "18.7.16",
      "resolved": "https://registry.npmjs.org/@types/node/-/node-18.7.16.tgz",
      "integrity": "sha512-EQHhixfu+mkqHMZl1R2Ovuvn47PUw18azMJOTwSZr9/fhzHNGXAJ0ma0dayRVchprpCj0Kc1K1xKoWaATWF1qg==",
      "dev": true
    },
    "@types/node-cron": {
      "version": "3.0.4",
      "resolved": "https://registry.npmjs.org/@types/node-cron/-/node-cron-3.0.4.tgz",
      "integrity": "sha512-A2H+uz5ry4hohYjRe5mQSE/8Dx/HGw4WZ728JxhKUZ7z8CMvRuG2tpbzGHRGQCuQzz5aCNB1iXzPZYHd4BPHvw==",
      "dev": true
    },
    "@types/node-fetch": {
      "version": "2.6.1",
      "resolved": "https://registry.npmjs.org/@types/node-fetch/-/node-fetch-2.6.1.tgz",
      "integrity": "sha512-oMqjURCaxoSIsHSr1E47QHzbmzNR5rK8McHuNb11BOM9cHcIK3Avy0s/b2JlXHoQGTYS3NsvWzV1M0iK7l0wbA==",
      "dev": true,
      "requires": {
        "@types/node": "*",
        "form-data": "^3.0.0"
      }
    },
    "@types/nodemailer": {
      "version": "6.4.5",
      "resolved": "https://registry.npmjs.org/@types/nodemailer/-/nodemailer-6.4.5.tgz",
      "integrity": "sha512-zuP3nBRQHI6M2PkXnGGy1Ww4VB+MyYHGgnfV2T+JR9KLkeWqPJuyVUgLpKXuFnA/b7pZaIDFh2sV4759B7jK1g==",
      "dev": true,
      "requires": {
        "@types/node": "*"
      }
    },
    "amqplib": {
      "version": "0.10.3",
      "resolved": "https://registry.npmjs.org/amqplib/-/amqplib-0.10.3.tgz",
      "integrity": "sha512-UHmuSa7n8vVW/a5HGh2nFPqAEr8+cD4dEZ6u9GjP91nHfr1a54RyAKyra7Sb5NH7NBKOUlyQSMXIp0qAixKexw==",
      "requires": {
        "@acuminous/bitsyntax": "^0.1.2",
        "buffer-more-ints": "~1.0.0",
        "readable-stream": "1.x >=1.1.9",
        "url-parse": "~1.5.10"
      }
    },
    "asynckit": {
      "version": "0.4.0",
      "resolved": "https://registry.npmjs.org/asynckit/-/asynckit-0.4.0.tgz",
      "integrity": "sha512-Oei9OH4tRh0YqU3GxhX79dM/mwVgvbZJaSNaRk+bshkj0S5cfHcgYakreBjrHwatXKbz+IoIdYLxrKim2MjW0Q==",
      "dev": true
    },
    "buffer-more-ints": {
      "version": "1.0.0",
      "resolved": "https://registry.npmjs.org/buffer-more-ints/-/buffer-more-ints-1.0.0.tgz",
      "integrity": "sha512-EMetuGFz5SLsT0QTnXzINh4Ksr+oo4i+UGTXEshiGCQWnsgSs7ZhJ8fzlwQ+OzEMs0MpDAMr1hxnblp5a4vcHg=="
    },
    "combined-stream": {
      "version": "1.0.8",
      "resolved": "https://registry.npmjs.org/combined-stream/-/combined-stream-1.0.8.tgz",
      "integrity": "sha512-FQN4MRfuJeHf7cBbBMJFXhKSDq+2kAArBlmRBvcvFE5BB1HZKXtSFASDhdlz9zOYwxh8lDdnvmMOe/+5cdoEdg==",
      "dev": true,
      "requires": {
        "delayed-stream": "~1.0.0"
      }
    },
    "core-util-is": {
      "version": "1.0.3",
      "resolved": "https://registry.npmjs.org/core-util-is/-/core-util-is-1.0.3.tgz",
      "integrity": "sha512-ZQBvi1DcpJ4GDqanjucZ2Hj3wEO5pZDS89BWbkcrvdxksJorwUDDZamX9ldFkp9aw2lmBDLgkObEA4DWNJ9FYQ=="
    },
    "debug": {
      "version": "4.3.4",
      "resolved": "https://registry.npmjs.org/debug/-/debug-4.3.4.tgz",
      "integrity": "sha512-PRWFHuSU3eDtQJPvnNY7Jcket1j0t5OuOsFzPPzsekD52Zl8qUfFIPEiswXqIvHWGVHOgX+7G/vCNNhehwxfkQ==",
      "requires": {
        "ms": "2.1.2"
      }
    },
    "delayed-stream": {
      "version": "1.0.0",
      "resolved": "https://registry.npmjs.org/delayed-stream/-/delayed-stream-1.0.0.tgz",
      "integrity": "sha512-ZySD7Nf91aLB0RxL4KGrKHBXl7Eds1DAmEdcoVawXnLD7SDhpNgtuII2aAkg7a7QS41jxPSZ17p4VdGnMHk3MQ==",
      "dev": true
    },
    "form-data": {
      "version": "3.0.1",
      "resolved": "https://registry.npmjs.org/form-data/-/form-data-3.0.1.tgz",
      "integrity": "sha512-RHkBKtLWUVwd7SqRIvCZMEvAMoGUp0XU+seQiZejj0COz3RI3hWP4sCv3gZWWLjJTd7rGwcsF5eKZGii0r/hbg==",
      "dev": true,
      "requires": {
        "asynckit": "^0.4.0",
        "combined-stream": "^1.0.8",
        "mime-types": "^2.1.12"
      }
    },
    "inherits": {
      "version": "2.0.4",
      "resolved": "https://registry.npmjs.org/inherits/-/inherits-2.0.4.tgz",
      "integrity": "sha512-k/vGaX4/Yla3WzyMCvTQOXYeIHvqOKtnqBduzTHpzpQZzAskKMhZ2K+EnBiSM9zGSoIFeMpXKxa4dYeZIQqewQ=="
    },
    "isarray": {
      "version": "0.0.1",
      "resolved": "https://registry.npmjs.org/isarray/-/isarray-0.0.1.tgz",
      "integrity": "sha512-D2S+3GLxWH+uhrNEcoh/fnmYeP8E8/zHl644d/jdA0g2uyXvy3sb0qxotE+ne0LtccHknQzWwZEzhak7oJ0COQ=="
    },
    "mime-db": {
      "version": "1.52.0",
      "resolved": "https://registry.npmjs.org/mime-db/-/mime-db-1.52.0.tgz",
      "integrity": "sha512-sPU4uV7dYlvtWJxwwxHD0PuihVNiE7TyAbQ5SWxDCB9mUYvOgroQOwYQQOKPJ8CIbE+1ETVlOoK1UC2nU3gYvg==",
      "dev": true
    },
    "mime-types": {
      "version": "2.1.35",
      "resolved": "https://registry.npmjs.org/mime-types/-/mime-types-2.1.35.tgz",
      "integrity": "sha512-ZDY+bPm5zTTF+YpCrAU9nK0UgICYPT0QtT1NZWFv4s++TNkcgVaT0g6+4R2uI4MjQjzysHB1zxuWL50hzaeXiw==",
      "dev": true,
      "requires": {
        "mime-db": "1.52.0"
      }
    },
    "ms": {
      "version": "2.1.2",
      "resolved": "https://registry.npmjs.org/ms/-/ms-2.1.2.tgz",
      "integrity": "sha512-sGkPx+VjMtmA6MX27oA4FBFELFCZZ4S4XqeGOXCv68tT+jb3vk/RyaKWP0PTKyWtmLSM0b+adUTEvbs1PEaH2w=="
    },
    "node-cron": {
      "version": "3.0.2",
      "resolved": "https://registry.npmjs.org/node-cron/-/node-cron-3.0.2.tgz",
      "integrity": "sha512-iP8l0yGlNpE0e6q1o185yOApANRe47UPbLf4YxfbiNHt/RU5eBcGB/e0oudruheSf+LQeDMezqC5BVAb5wwRcQ==",
      "requires": {
        "uuid": "8.3.2"
      }
    },
    "node-fetch": {
      "version": "2.6.1",
      "resolved": "https://registry.npmjs.org/node-fetch/-/node-fetch-2.6.1.tgz",
      "integrity": "sha512-V4aYg89jEoVRxRb2fJdAg8FHvI7cEyYdVAh94HH0UIK8oJxUfkjlDQN9RbMx+bEjP7+ggMiFRprSti032Oipxw=="
    },
    "nodemailer": {
      "version": "6.7.8",
      "resolved": "https://registry.npmjs.org/nodemailer/-/nodemailer-6.7.8.tgz",
      "integrity": "sha512-2zaTFGqZixVmTxpJRCFC+Vk5eGRd/fYtvIR+dl5u9QXLTQWGIf48x/JXvo58g9sa0bU6To04XUv554Paykum3g=="
    },
    "prisma": {
      "version": "4.3.1",
      "resolved": "https://registry.npmjs.org/prisma/-/prisma-4.3.1.tgz",
      "integrity": "sha512-90xo06wtqil76Xsi3mNpc4Js3SdDRR5g4qb9h+4VWY4Y8iImJY6xc3PX+C9xxTSt1lr0Q89A0MLkJjd8ax6KiQ==",
      "requires": {
        "@prisma/engines": "4.3.1"
      }
    },
    "querystringify": {
      "version": "2.2.0",
      "resolved": "https://registry.npmjs.org/querystringify/-/querystringify-2.2.0.tgz",
      "integrity": "sha512-FIqgj2EUvTa7R50u0rGsyTftzjYmv/a3hO345bZNrqabNqjtgiDMgmo4mkUjd+nzU5oF3dClKqFIPUKybUyqoQ=="
    },
    "readable-stream": {
      "version": "1.1.14",
      "resolved": "https://registry.npmjs.org/readable-stream/-/readable-stream-1.1.14.tgz",
      "integrity": "sha512-+MeVjFf4L44XUkhM1eYbD8fyEsxcV81pqMSR5gblfcLCHfZvbrqy4/qYHE+/R5HoBUT11WV5O08Cr1n3YXkWVQ==",
      "requires": {
        "core-util-is": "~1.0.0",
        "inherits": "~2.0.1",
        "isarray": "0.0.1",
        "string_decoder": "~0.10.x"
      }
    },
    "requires-port": {
      "version": "1.0.0",
      "resolved": "https://registry.npmjs.org/requires-port/-/requires-port-1.0.0.tgz",
      "integrity": "sha512-KigOCHcocU3XODJxsu8i/j8T9tzT4adHiecwORRQ0ZZFcp7ahwXuRU1m+yuO90C5ZUyGeGfocHDI14M3L3yDAQ=="
    },
    "safe-buffer": {
      "version": "5.1.2",
      "resolved": "https://registry.npmjs.org/safe-buffer/-/safe-buffer-5.1.2.tgz",
      "integrity": "sha512-Gd2UZBJDkXlY7GbJxfsE8/nvKkUEU1G38c1siN6QP6a9PT9MmHB8GnpscSmMJSoF8LOIrt8ud/wPtojys4G6+g=="
    },
    "string_decoder": {
      "version": "0.10.31",
      "resolved": "https://registry.npmjs.org/string_decoder/-/string_decoder-0.10.31.tgz",
      "integrity": "sha512-ev2QzSzWPYmy9GuqfIVildA4OdcGLeFZQrq5ys6RtiuF+RQQiZWr8TZNyAcuVXyQRYfEO+MsoB/1BuQVhOJuoQ=="
    },
    "typescript": {
      "version": "4.8.3",
      "resolved": "https://registry.npmjs.org/typescript/-/typescript-4.8.3.tgz",
      "integrity": "sha512-goMHfm00nWPa8UvR/CPSvykqf6dVV8x/dp0c5mFTMTIu0u0FlGWRioyy7Nn0PGAdHxpJZnuO/ut+PpQ8UiHAig==",
      "dev": true
    },
    "url-parse": {
      "version": "1.5.10",
      "resolved": "https://registry.npmjs.org/url-parse/-/url-parse-1.5.10.tgz",
      "integrity": "sha512-WypcfiRhfeUP9vvF0j6rw0J3hrWrw6iZv3+22h6iRMJ/8z1Tj6XfLP4DsUix5MhMPnXpiHDoKyoZ/bdCkwBCiQ==",
      "requires": {
        "querystringify": "^2.1.1",
        "requires-port": "^1.0.0"
      }
    },
    "uuid": {
      "version": "8.3.2",
      "resolved": "https://registry.npmjs.org/uuid/-/uuid-8.3.2.tgz",
      "integrity": "sha512-+NYs2QeMWy+GWFOEm9xnn6HCDp0l7QBD7ml8zLUmJ+93Q5NF0NocErnwkTkXVFNiX3/fpC6afS8Dhb/gz7R7eg=="
    }
  }
}
